
Microsoft Visual Studio Solution File, Format Version 12.00
# Visual Studio Version 17
VisualStudioVersion = 17.0.32014.148
MinimumVisualStudioVersion = 10.0.40219.1
Project("{FAE04EC0-301F-11D3-BF4B-00C04F79EFBC}") = "currency", "currency\currency.csproj", "{FC0E296C-F8A6-4E4F-9F47-717855982510}"
EndProject
Global
	GlobalSection(SolutionConfigurationPlatforms) = preSolution
		Debug|Any CPU = Debug|Any CPU
		Release|Any CPU = Release|Any CPU
	EndGlobalSection
	GlobalSection(ProjectConfigurationPlatforms) = postSolution
		{FC0E296C-F8A6-4E4F-9F47-717855982510}.Debug|Any CPU.ActiveCfg = Debug|Any CPU
		{FC0E296C-F8A6-4E4F-9F47-717855982510}.Debug|Any CPU.Build.0 = Debug|Any CPU
		{FC0E296C-F8A6-4E4F-9F47-717855982510}.Release|Any CPU.ActiveCfg = Release|Any CPU
		{FC0E296C-F8A6-4E4F-9F47-717855982510}.Release|Any CPU.Build.0 = Release|Any CPU
	EndGlobalSection
	GlobalSection(SolutionProperties) = preSolution
		HideSolutionNode = FALSE
	EndGlobalSection
	GlobalSection(ExtensibilityGlobals) = postSolution
		SolutionGuid = {AD236E75-0A35-4A9B-9B70-EDA22F6211E0}
	EndGlobalSection
EndGlobal
